// !$*UTF8*$!
{
	archiveVersion = 1;
	classes = {
	};
	objectVersion = 56;
	objects = {

/* Begin PBXBuildFile section */
		4BA68CEC296BF29D00644531 /* Localizable.strings in Resources */ = {isa = PBXBuildFile; fileRef = 4BA68CEE296BF29D00644531 /* Localizable.strings */; };
		4BA68CF1296BF41900644531 /* chooseMoodView.swift in Sources */ = {isa = PBXBuildFile; fileRef = 4BA68CF0296BF41900644531 /* chooseMoodView.swift */; };
		B60FEA2C296B472700944BC2 /* DearDiaryApp.swift in Sources */ = {isa = PBXBuildFile; fileRef = B60FEA2B296B472700944BC2 /* DearDiaryApp.swift */; };
		B60FEA2E296B472700944BC2 /* ContentView.swift in Sources */ = {isa = PBXBuildFile; fileRef = B60FEA2D296B472700944BC2 /* ContentView.swift */; };
		B60FEA30296B472800944BC2 /* Assets.xcassets in Resources */ = {isa = PBXBuildFile; fileRef = B60FEA2F296B472800944BC2 /* Assets.xcassets */; };
		B60FEA33296B472800944BC2 /* Preview Assets.xcassets in Resources */ = {isa = PBXBuildFile; fileRef = B60FEA32296B472800944BC2 /* Preview Assets.xcassets */; };
		B60FEA35296B472800944BC2 /* Persistence.swift in Sources */ = {isa = PBXBuildFile; fileRef = B60FEA34296B472800944BC2 /* Persistence.swift */; };
		B60FEA38296B472800944BC2 /* DearDiary.xcdatamodeld in Sources */ = {isa = PBXBuildFile; fileRef = B60FEA36296B472800944BC2 /* DearDiary.xcdatamodeld */; };
		B60FEA42296B472800944BC2 /* DearDiaryTests.swift in Sources */ = {isa = PBXBuildFile; fileRef = B60FEA41296B472800944BC2 /* DearDiaryTests.swift */; };
		B60FEA4C296B472800944BC2 /* DearDiaryUITests.swift in Sources */ = {isa = PBXBuildFile; fileRef = B60FEA4B296B472800944BC2 /* DearDiaryUITests.swift */; };
		B60FEA4E296B472800944BC2 /* DearDiaryUITestsLaunchTests.swift in Sources */ = {isa = PBXBuildFile; fileRef = B60FEA4D296B472800944BC2 /* DearDiaryUITestsLaunchTests.swift */; };
		B60FEA5C296B48E100944BC2 /* TrackerViewModel.swift in Sources */ = {isa = PBXBuildFile; fileRef = B60FEA5B296B48E100944BC2 /* TrackerViewModel.swift */; };
		B60FEA5F296B490900944BC2 /* Home.swift in Sources */ = {isa = PBXBuildFile; fileRef = B60FEA5E296B490900944BC2 /* Home.swift */; };
		B60FEA61296B492A00944BC2 /* AddNewTracker.swift in Sources */ = {isa = PBXBuildFile; fileRef = B60FEA60296B492A00944BC2 /* AddNewTracker.swift */; };
/* End PBXBuildFile section */

/* Begin PBXContainerItemProxy section */
		B60FEA3E296B472800944BC2 /* PBXContainerItemProxy */ = {
			isa = PBXContainerItemProxy;
			containerPortal = B60FEA20296B472700944BC2 /* Project object */;
			proxyType = 1;
			remoteGlobalIDString = B60FEA27296B472700944BC2;
			remoteInfo = DearDiary;
		};
		B60FEA48296B472800944BC2 /* PBXContainerItemProxy */ = {
			isa = PBXContainerItemProxy;
			containerPortal = B60FEA20296B472700944BC2 /* Project object */;
			proxyType = 1;
			remoteGlobalIDString = B60FEA27296B472700944BC2;
			remoteInfo = DearDiary;
		};
/* End PBXContainerItemProxy section */

/* Begin PBXFileReference section */
		4BA68CED296BF29D00644531 /* ar */ = {isa = PBXFileReference; lastKnownFileType = text.plist.strings; name = ar; path = ar.lproj/Localizable.strings; sourceTree = "<group>"; };
		4BA68CF0296BF41900644531 /* chooseMoodView.swift */ = {isa = PBXFileReference; lastKnownFileType = sourcecode.swift; path = chooseMoodView.swift; sourceTree = "<group>"; };
		B60FEA28296B472700944BC2 /* DearDiary2.app */ = {isa = PBXFileReference; explicitFileType = wrapper.application; includeInIndex = 0; path = DearDiary2.app; sourceTree = BUILT_PRODUCTS_DIR; };
		B60FEA2B296B472700944BC2 /* DearDiaryApp.swift */ = {isa = PBXFileReference; lastKnownFileType = sourcecode.swift; path = DearDiaryApp.swift; sourceTree = "<group>"; };
		B60FEA2D296B472700944BC2 /* ContentView.swift */ = {isa = PBXFileReference; lastKnownFileType = sourcecode.swift; path = ContentView.swift; sourceTree = "<group>"; };
		B60FEA2F296B472800944BC2 /* Assets.xcassets */ = {isa = PBXFileReference; lastKnownFileType = folder.assetcatalog; path = Assets.xcassets; sourceTree = "<group>"; };
		B60FEA32296B472800944BC2 /* Preview Assets.xcassets */ = {isa = PBXFileReference; lastKnownFileType = folder.assetcatalog; path = "Preview Assets.xcassets"; sourceTree = "<group>"; };
		B60FEA34296B472800944BC2 /* Persistence.swift */ = {isa = PBXFileReference; lastKnownFileType = sourcecode.swift; path = Persistence.swift; sourceTree = "<group>"; };
		B60FEA37296B472800944BC2 /* DearDiary.xcdatamodel */ = {isa = PBXFileReference; lastKnownFileType = wrapper.xcdatamodel; path = DearDiary.xcdatamodel; sourceTree = "<group>"; };
		B60FEA3D296B472800944BC2 /* DearDiary2Tests.xctest */ = {isa = PBXFileReference; explicitFileType = wrapper.cfbundle; includeInIndex = 0; path = DearDiary2Tests.xctest; sourceTree = BUILT_PRODUCTS_DIR; };
		B60FEA41296B472800944BC2 /* DearDiaryTests.swift */ = {isa = PBXFileReference; lastKnownFileType = sourcecode.swift; path = DearDiaryTests.swift; sourceTree = "<group>"; };
		B60FEA47296B472800944BC2 /* DearDiary2UITests.xctest */ = {isa = PBXFileReference; explicitFileType = wrapper.cfbundle; includeInIndex = 0; path = DearDiary2UITests.xctest; sourceTree = BUILT_PRODUCTS_DIR; };
		B60FEA4B296B472800944BC2 /* DearDiaryUITests.swift */ = {isa = PBXFileReference; lastKnownFileType = sourcecode.swift; path = DearDiaryUITests.swift; sourceTree = "<group>"; };
		B60FEA4D296B472800944BC2 /* DearDiaryUITestsLaunchTests.swift */ = {isa = PBXFileReference; lastKnownFileType = sourcecode.swift; path = DearDiaryUITestsLaunchTests.swift; sourceTree = "<group>"; };
		B60FEA5B296B48E100944BC2 /* TrackerViewModel.swift */ = {isa = PBXFileReference; lastKnownFileType = sourcecode.swift; path = TrackerViewModel.swift; sourceTree = "<group>"; };
		B60FEA5E296B490900944BC2 /* Home.swift */ = {isa = PBXFileReference; lastKnownFileType = sourcecode.swift; path = Home.swift; sourceTree = "<group>"; };
		B60FEA60296B492A00944BC2 /* AddNewTracker.swift */ = {isa = PBXFileReference; lastKnownFileType = sourcecode.swift; path = AddNewTracker.swift; sourceTree = "<group>"; };
/* End PBXFileReference section */

/* Begin PBXFrameworksBuildPhase section */
		B60FEA25296B472700944BC2 /* Frameworks */ = {
			isa = PBXFrameworksBuildPhase;
			buildActionMask = 2147483647;
			files = (
			);
			runOnlyForDeploymentPostprocessing = 0;
		};
		B60FEA3A296B472800944BC2 /* Frameworks */ = {
			isa = PBXFrameworksBuildPhase;
			buildActionMask = 2147483647;
			files = (
			);
			runOnlyForDeploymentPostprocessing = 0;
		};
		B60FEA44296B472800944BC2 /* Frameworks */ = {
			isa = PBXFrameworksBuildPhase;
			buildActionMask = 2147483647;
			files = (
			);
			runOnlyForDeploymentPostprocessing = 0;
		};
/* End PBXFrameworksBuildPhase section */

/* Begin PBXGroup section */
		B60FEA1F296B472700944BC2 = {
			isa = PBXGroup;
			children = (
				4BA68CEE296BF29D00644531 /* Localizable.strings */,
				B60FEA2A296B472700944BC2 /* DearDiary */,
				B60FEA40296B472800944BC2 /* DearDiaryTests */,
				B60FEA4A296B472800944BC2 /* DearDiaryUITests */,
				B60FEA29296B472700944BC2 /* Products */,
			);
			sourceTree = "<group>";
		};
		B60FEA29296B472700944BC2 /* Products */ = {
			isa = PBXGroup;
			children = (
				B60FEA28296B472700944BC2 /* DearDiary2.app */,
				B60FEA3D296B472800944BC2 /* DearDiary2Tests.xctest */,
				B60FEA47296B472800944BC2 /* DearDiary2UITests.xctest */,
			);
			name = Products;
			sourceTree = "<group>";
		};
		B60FEA2A296B472700944BC2 /* DearDiary */ = {
			isa = PBXGroup;
			children = (
				B60FEA5A296B48A500944BC2 /* ViewModel */,
				B60FEA2B296B472700944BC2 /* DearDiaryApp.swift */,
				B60FEA2D296B472700944BC2 /* ContentView.swift */,
				B60FEA2F296B472800944BC2 /* Assets.xcassets */,
				B60FEA34296B472800944BC2 /* Persistence.swift */,
				B60FEA36296B472800944BC2 /* DearDiary.xcdatamodeld */,
				B60FEA31296B472800944BC2 /* Preview Content */,
			);
			path = DearDiary;
			sourceTree = "<group>";
		};
		B60FEA31296B472800944BC2 /* Preview Content */ = {
			isa = PBXGroup;
			children = (
				B60FEA32296B472800944BC2 /* Preview Assets.xcassets */,
			);
			path = "Preview Content";
			sourceTree = "<group>";
		};
		B60FEA40296B472800944BC2 /* DearDiaryTests */ = {
			isa = PBXGroup;
			children = (
				B60FEA41296B472800944BC2 /* DearDiaryTests.swift */,
			);
			path = DearDiaryTests;
			sourceTree = "<group>";
		};
		B60FEA4A296B472800944BC2 /* DearDiaryUITests */ = {
			isa = PBXGroup;
			children = (
				B60FEA4B296B472800944BC2 /* DearDiaryUITests.swift */,
				B60FEA4D296B472800944BC2 /* DearDiaryUITestsLaunchTests.swift */,
			);
			path = DearDiaryUITests;
			sourceTree = "<group>";
		};
		B60FEA5A296B48A500944BC2 /* ViewModel */ = {
			isa = PBXGroup;
			children = (
				B60FEA5B296B48E100944BC2 /* TrackerViewModel.swift */,
				B60FEA5D296B48E900944BC2 /* Viwe */,
			);
			path = ViewModel;
			sourceTree = "<group>";
		};
		B60FEA5D296B48E900944BC2 /* Viwe */ = {
			isa = PBXGroup;
			children = (
				B60FEA60296B492A00944BC2 /* AddNewTracker.swift */,
				B60FEA5E296B490900944BC2 /* Home.swift */,
				4BA68CF0296BF41900644531 /* chooseMoodView.swift */,
			);
			path = Viwe;
			sourceTree = "<group>";
		};
/* End PBXGroup section */

/* Begin PBXNativeTarget section */
		B60FEA27296B472700944BC2 /* DearDiary2 */ = {
			isa = PBXNativeTarget;
			buildConfigurationList = B60FEA51296B472800944BC2 /* Build configuration list for PBXNativeTarget "DearDiary2" */;
			buildPhases = (
				B60FEA24296B472700944BC2 /* Sources */,
				B60FEA25296B472700944BC2 /* Frameworks */,
				B60FEA26296B472700944BC2 /* Resources */,
			);
			buildRules = (
			);
			dependencies = (
			);
			name = DearDiary2;
			productName = DearDiary;
			productReference = B60FEA28296B472700944BC2 /* DearDiary2.app */;
			productType = "com.apple.product-type.application";
		};
		B60FEA3C296B472800944BC2 /* DearDiary2Tests */ = {
			isa = PBXNativeTarget;
			buildConfigurationList = B60FEA54296B472800944BC2 /* Build configuration list for PBXNativeTarget "DearDiary2Tests" */;
			buildPhases = (
				B60FEA39296B472800944BC2 /* Sources */,
				B60FEA3A296B472800944BC2 /* Frameworks */,
				B60FEA3B296B472800944BC2 /* Resources */,
			);
			buildRules = (
			);
			dependencies = (
				B60FEA3F296B472800944BC2 /* PBXTargetDependency */,
			);
			name = DearDiary2Tests;
			productName = DearDiaryTests;
			productReference = B60FEA3D296B472800944BC2 /* DearDiary2Tests.xctest */;
			productType = "com.apple.product-type.bundle.unit-test";
		};
		B60FEA46296B472800944BC2 /* DearDiary2UITests */ = {
			isa = PBXNativeTarget;
			buildConfigurationList = B60FEA57296B472800944BC2 /* Build configuration list for PBXNativeTarget "DearDiary2UITests" */;
			buildPhases = (
				B60FEA43296B472800944BC2 /* Sources */,
				B60FEA44296B472800944BC2 /* Frameworks */,
				B60FEA45296B472800944BC2 /* Resources */,
			);
			buildRules = (
			);
			dependencies = (
				B60FEA49296B472800944BC2 /* PBXTargetDependency */,
			);
			name = DearDiary2UITests;
			productName = DearDiaryUITests;
			productReference = B60FEA47296B472800944BC2 /* DearDiary2UITests.xctest */;
			productType = "com.apple.product-type.bundle.ui-testing";
		};
/* End PBXNativeTarget section */

/* Begin PBXProject section */
		B60FEA20296B472700944BC2 /* Project object */ = {
			isa = PBXProject;
			attributes = {
				BuildIndependentTargetsInParallel = 1;
				LastSwiftUpdateCheck = 1400;
				LastUpgradeCheck = 1400;
				TargetAttributes = {
					B60FEA27296B472700944BC2 = {
						CreatedOnToolsVersion = 14.0.1;
					};
					B60FEA3C296B472800944BC2 = {
						CreatedOnToolsVersion = 14.0.1;
						TestTargetID = B60FEA27296B472700944BC2;
					};
					B60FEA46296B472800944BC2 = {
						CreatedOnToolsVersion = 14.0.1;
						TestTargetID = B60FEA27296B472700944BC2;
					};
				};
			};
			buildConfigurationList = B60FEA23296B472700944BC2 /* Build configuration list for PBXProject "DearDiary2" */;
			compatibilityVersion = "Xcode 14.0";
			developmentRegion = en;
			hasScannedForEncodings = 0;
			knownRegions = (
				en,
				Base,
				ar,
			);
			mainGroup = B60FEA1F296B472700944BC2;
			productRefGroup = B60FEA29296B472700944BC2 /* Products */;
			projectDirPath = "";
			projectRoot = "";
			targets = (
				B60FEA27296B472700944BC2 /* DearDiary2 */,
				B60FEA3C296B472800944BC2 /* DearDiary2Tests */,
				B60FEA46296B472800944BC2 /* DearDiary2UITests */,
			);
		};
/* End PBXProject section */

/* Begin PBXResourcesBuildPhase section */
		B60FEA26296B472700944BC2 /* Resources */ = {
			isa = PBXResourcesBuildPhase;
			buildActionMask = 2147483647;
			files = (
				B60FEA33296B472800944BC2 /* Preview Assets.xcassets in Resources */,
				4BA68CEC296BF29D00644531 /* Localizable.strings in Resources */,
				B60FEA30296B472800944BC2 /* Assets.xcassets in Resources */,
			);
			runOnlyForDeploymentPostprocessing = 0;
		};
		B60FEA3B296B472800944BC2 /* Resources */ = {
			isa = PBXResourcesBuildPhase;
			buildActionMask = 2147483647;
			files = (
			);
			runOnlyForDeploymentPostprocessing = 0;
		};
		B60FEA45296B472800944BC2 /* Resources */ = {
			isa = PBXResourcesBuildPhase;
			buildActionMask = 2147483647;
			files = (
			);
			runOnlyForDeploymentPostprocessing = 0;
		};
/* End PBXResourcesBuildPhase section */

/* Begin PBXSourcesBuildPhase section */
		B60FEA24296B472700944BC2 /* Sources */ = {
			isa = PBXSourcesBuildPhase;
			buildActionMask = 2147483647;
			files = (
				B60FEA35296B472800944BC2 /* Persistence.swift in Sources */,
				B60FEA2E296B472700944BC2 /* ContentView.swift in Sources */,
				B60FEA2C296B472700944BC2 /* DearDiaryApp.swift in Sources */,
				B60FEA5C296B48E100944BC2 /* TrackerViewModel.swift in Sources */,
				B60FEA61296B492A00944BC2 /* AddNewTracker.swift in Sources */,
				B60FEA5F296B490900944BC2 /* Home.swift in Sources */,
				B60FEA38296B472800944BC2 /* DearDiary.xcdatamodeld in Sources */,
				4BA68CF1296BF41900644531 /* chooseMoodView.swift in Sources */,
			);
			runOnlyForDeploymentPostprocessing = 0;
		};
		B60FEA39296B472800944BC2 /* Sources */ = {
			isa = PBXSourcesBuildPhase;
			buildActionMask = 2147483647;
			files = (
				B60FEA42296B472800944BC2 /* DearDiaryTests.swift in Sources */,
			);
			runOnlyForDeploymentPostprocessing = 0;
		};
		B60FEA43296B472800944BC2 /* Sources */ = {
			isa = PBXSourcesBuildPhase;
			buildActionMask = 2147483647;
			files = (
				B60FEA4E296B472800944BC2 /* DearDiaryUITestsLaunchTests.swift in Sources */,
				B60FEA4C296B472800944BC2 /* DearDiaryUITests.swift in Sources */,
			);
			runOnlyForDeploymentPostprocessing = 0;
		};
/* End PBXSourcesBuildPhase section */

/* Begin PBXTargetDependency section */
		B60FEA3F296B472800944BC2 /* PBXTargetDependency */ = {
			isa = PBXTargetDependency;
			target = B60FEA27296B472700944BC2 /* DearDiary2 */;
			targetProxy = B60FEA3E296B472800944BC2 /* PBXContainerItemProxy */;
		};
		B60FEA49296B472800944BC2 /* PBXTargetDependency */ = {
			isa = PBXTargetDependency;
			target = B60FEA27296B472700944BC2 /* DearDiary2 */;
			targetProxy = B60FEA48296B472800944BC2 /* PBXContainerItemProxy */;
		};
/* End PBXTargetDependency section */

/* Begin PBXVariantGroup section */
		4BA68CEE296BF29D00644531 /* Localizable.strings */ = {
			isa = PBXVariantGroup;
			children = (
				4BA68CED296BF29D00644531 /* ar */,
			);
			name = Localizable.strings;
			sourceTree = "<group>";
		};
/* End PBXVariantGroup section */

/* Begin XCBuildConfiguration section */
		B60FEA4F296B472800944BC2 /* Debug */ = {
			isa = XCBuildConfiguration;
			buildSettings = {
				ALWAYS_SEARCH_USER_PATHS = NO;
				CLANG_ANALYZER_NONNULL = YES;
				CLANG_ANALYZER_NUMBER_OBJECT_CONVERSION = YES_AGGRESSIVE;
				CLANG_CXX_LANGUAGE_STANDARD = "gnu++20";
				CLANG_ENABLE_MODULES = YES;
				CLANG_ENABLE_OBJC_ARC = YES;
				CLANG_ENABLE_OBJC_WEAK = YES;
				CLANG_WARN_BLOCK_CAPTURE_AUTORELEASING = YES;
				CLANG_WARN_BOOL_CONVERSION = YES;
				CLANG_WARN_COMMA = YES;
				CLANG_WARN_CONSTANT_CONVERSION = YES;
				CLANG_WARN_DEPRECATED_OBJC_IMPLEMENTATIONS = YES;
				CLANG_WARN_DIRECT_OBJC_ISA_USAGE = YES_ERROR;
				CLANG_WARN_DOCUMENTATION_COMMENTS = YES;
				CLANG_WARN_EMPTY_BODY = YES;
				CLANG_WARN_ENUM_CONVERSION = YES;
				CLANG_WARN_INFINITE_RECURSION = YES;
				CLANG_WARN_INT_CONVERSION = YES;
				CLANG_WARN_NON_LITERAL_NULL_CONVERSION = YES;
				CLANG_WARN_OBJC_IMPLICIT_RETAIN_SELF = YES;
				CLANG_WARN_OBJC_LITERAL_CONVERSION = YES;
				CLANG_WARN_OBJC_ROOT_CLASS = YES_ERROR;
				CLANG_WARN_QUOTED_INCLUDE_IN_FRAMEWORK_HEADER = YES;
				CLANG_WARN_RANGE_LOOP_ANALYSIS = YES;
				CLANG_WARN_STRICT_PROTOTYPES = YES;
				CLANG_WARN_SUSPICIOUS_MOVE = YES;
				CLANG_WARN_UNGUARDED_AVAILABILITY = YES_AGGRESSIVE;
				CLANG_WARN_UNREACHABLE_CODE = YES;
				CLANG_WARN__DUPLICATE_METHOD_MATCH = YES;
				COPY_PHASE_STRIP = NO;
				DEBUG_INFORMATION_FORMAT = dwarf;
				ENABLE_STRICT_OBJC_MSGSEND = YES;
				ENABLE_TESTABILITY = YES;
				GCC_C_LANGUAGE_STANDARD = gnu11;
				GCC_DYNAMIC_NO_PIC = NO;
				GCC_NO_COMMON_BLOCKS = YES;
				GCC_OPTIMIZATION_LEVEL = 0;
				GCC_PREPROCESSOR_DEFINITIONS = (
					"DEBUG=1",
					"$(inherited)",
				);
				GCC_WARN_64_TO_32_BIT_CONVERSION = YES;
				GCC_WARN_ABOUT_RETURN_TYPE = YES_ERROR;
				GCC_WARN_UNDECLARED_SELECTOR = YES;
				GCC_WARN_UNINITIALIZED_AUTOS = YES_AGGRESSIVE;
				GCC_WARN_UNUSED_FUNCTION = YES;
				GCC_WARN_UNUSED_VARIABLE = YES;
				IPHONEOS_DEPLOYMENT_TARGET = 16.0;
				MTL_ENABLE_DEBUG_INFO = INCLUDE_SOURCE;
				MTL_FAST_MATH = YES;
				ONLY_ACTIVE_ARCH = YES;
				SDKROOT = iphoneos;
				SWIFT_ACTIVE_COMPILATION_CONDITIONS = DEBUG;
				SWIFT_OPTIMIZATION_LEVEL = "-Onone";
			};
			name = Debug;
		};
		B60FEA50296B472800944BC2 /* Release */ = {
			isa = XCBuildConfiguration;
			buildSettings = {
				ALWAYS_SEARCH_USER_PATHS = NO;
				CLANG_ANALYZER_NONNULL = YES;
				CLANG_ANALYZER_NUMBER_OBJECT_CONVERSION = YES_AGGRESSIVE;
				CLANG_CXX_LANGUAGE_STANDARD = "gnu++20";
				CLANG_ENABLE_MODULES = YES;
				CLANG_ENABLE_OBJC_ARC = YES;
				CLANG_ENABLE_OBJC_WEAK = YES;
				CLANG_WARN_BLOCK_CAPTURE_AUTORELEASING = YES;
				CLANG_WARN_BOOL_CONVERSION = YES;
				CLANG_WARN_COMMA = YES;
				CLANG_WARN_CONSTANT_CONVERSION = YES;
				CLANG_WARN_DEPRECATED_OBJC_IMPLEMENTATIONS = YES;
				CLANG_WARN_DIRECT_OBJC_ISA_USAGE = YES_ERROR;
				CLANG_WARN_DOCUMENTATION_COMMENTS = YES;
				CLANG_WARN_EMPTY_BODY = YES;
				CLANG_WARN_ENUM_CONVERSION = YES;
				CLANG_WARN_INFINITE_RECURSION = YES;
				CLANG_WARN_INT_CONVERSION = YES;
				CLANG_WARN_NON_LITERAL_NULL_CONVERSION = YES;
				CLANG_WARN_OBJC_IMPLICIT_RETAIN_SELF = YES;
				CLANG_WARN_OBJC_LITERAL_CONVERSION = YES;
				CLANG_WARN_OBJC_ROOT_CLASS = YES_ERROR;
				CLANG_WARN_QUOTED_INCLUDE_IN_FRAMEWORK_HEADER = YES;
				CLANG_WARN_RANGE_LOOP_ANALYSIS = YES;
				CLANG_WARN_STRICT_PROTOTYPES = YES;
				CLANG_WARN_SUSPICIOUS_MOVE = YES;
				CLANG_WARN_UNGUARDED_AVAILABILITY = YES_AGGRESSIVE;
				CLANG_WARN_UNREACHABLE_CODE = YES;
				CLANG_WARN__DUPLICATE_METHOD_MATCH = YES;
				COPY_PHASE_STRIP = NO;
				DEBUG_INFORMATION_FORMAT = "dwarf-with-dsym";
				ENABLE_NS_ASSERTIONS = NO;
				ENABLE_STRICT_OBJC_MSGSEND = YES;
				GCC_C_LANGUAGE_STANDARD = gnu11;
				GCC_NO_COMMON_BLOCKS = YES;
				GCC_WARN_64_TO_32_BIT_CONVERSION = YES;
				GCC_WARN_ABOUT_RETURN_TYPE = YES_ERROR;
				GCC_WARN_UNDECLARED_SELECTOR = YES;
				GCC_WARN_UNINITIALIZED_AUTOS = YES_AGGRESSIVE;
				GCC_WARN_UNUSED_FUNCTION = YES;
				GCC_WARN_UNUSED_VARIABLE = YES;
				IPHONEOS_DEPLOYMENT_TARGET = 16.0;
				MTL_ENABLE_DEBUG_INFO = NO;
				MTL_FAST_MATH = YES;
				SDKROOT = iphoneos;
				SWIFT_COMPILATION_MODE = wholemodule;
				SWIFT_OPTIMIZATION_LEVEL = "-O";
				VALIDATE_PRODUCT = YES;
			};
			name = Release;
		};
		B60FEA52296B472800944BC2 /* Debug */ = {
			isa = XCBuildConfiguration;
			buildSettings = {
				ASSETCATALOG_COMPILER_APPICON_NAME = AppIcon;
				ASSETCATALOG_COMPILER_GLOBAL_ACCENT_COLOR_NAME = AccentColor;
				CODE_SIGN_STYLE = Automatic;
				CURRENT_PROJECT_VERSION = 1;
				DEVELOPMENT_ASSET_PATHS = "\"DearDiary/Preview Content\"";
				DEVELOPMENT_TEAM = 6B9Z9DVNKS;
				ENABLE_PREVIEWS = YES;
				GENERATE_INFOPLIST_FILE = YES;
				INFOPLIST_KEY_UIApplicationSceneManifest_Generation = YES;
				INFOPLIST_KEY_UIApplicationSupportsIndirectInputEvents = YES;
				INFOPLIST_KEY_UILaunchScreen_Generation = YES;
				INFOPLIST_KEY_UISupportedInterfaceOrientations_iPad = "UIInterfaceOrientationPortrait UIInterfaceOrientationPortraitUpsideDown UIInterfaceOrientationLandscapeLeft UIInterfaceOrientationLandscapeRight";
				INFOPLIST_KEY_UISupportedInterfaceOrientations_iPhone = "UIInterfaceOrientationPortrait UIInterfaceOrientationLandscapeLeft UIInterfaceOrientationLandscapeRight";
				LD_RUNPATH_SEARCH_PATHS = (
					"$(inherited)",
					"@executable_path/Frameworks",
				);
				MARKETING_VERSION = 1.0;
				PRODUCT_BUNDLE_IDENTIFIER = test.DearDiary;
				PRODUCT_NAME = "$(TARGET_NAME)";
				SWIFT_EMIT_LOC_STRINGS = YES;
				SWIFT_VERSION = 5.0;
				TARGETED_DEVICE_FAMILY = "1,2";
			};
			name = Debug;
		};
		B60FEA53296B472800944BC2 /* Release */ = {
			isa = XCBuildConfiguration;
			buildSettings = {
				ASSETCATALOG_COMPILER_APPICON_NAME = AppIcon;
				ASSETCATALOG_COMPILER_GLOBAL_ACCENT_COLOR_NAME = AccentColor;
				CODE_SIGN_STYLE = Automatic;
				CURRENT_PROJECT_VERSION = 1;
				DEVELOPMENT_ASSET_PATHS = "\"DearDiary/Preview Content\"";
				DEVELOPMENT_TEAM = 6B9Z9DVNKS;
				ENABLE_PREVIEWS = YES;
				GENERATE_INFOPLIST_FILE = YES;
				INFOPLIST_KEY_UIApplicationSceneManifest_Generation = YES;
				INFOPLIST_KEY_UIApplicationSupportsIndirectInputEvents = YES;
				INFOPLIST_KEY_UILaunchScreen_Generation = YES;
				INFOPLIST_KEY_UISupportedInterfaceOrientations_iPad = "UIInterfaceOrientationPortrait UIInterfaceOrientationPortraitUpsideDown UIInterfaceOrientationLandscapeLeft UIInterfaceOrientationLandscapeRight";
				INFOPLIST_KEY_UISupportedInterfaceOrientations_iPhone = "UIInterfaceOrientationPortrait UIInterfaceOrientationLandscapeLeft UIInterfaceOrientationLandscapeRight";
				LD_RUNPATH_SEARCH_PATHS = (
					"$(inherited)",
					"@executable_path/Frameworks",
				);
				MARKETING_VERSION = 1.0;
				PRODUCT_BUNDLE_IDENTIFIER = test.DearDiary;
				PRODUCT_NAME = "$(TARGET_NAME)";
				SWIFT_EMIT_LOC_STRINGS = YES;
				SWIFT_VERSION = 5.0;
				TARGETED_DEVICE_FAMILY = "1,2";
			};
			name = Release;
		};
		B60FEA55296B472800944BC2 /* Debug */ = {
			isa = XCBuildConfiguration;
			buildSettings = {
				ALWAYS_EMBED_SWIFT_STANDARD_LIBRARIES = YES;
				BUNDLE_LOADER = "$(TEST_HOST)";
				CODE_SIGN_STYLE = Automatic;
				CURRENT_PROJECT_VERSION = 1;
				GENERATE_INFOPLIST_FILE = YES;
				IPHONEOS_DEPLOYMENT_TARGET = 16.0;
				MARKETING_VERSION = 1.0;
				PRODUCT_BUNDLE_IDENTIFIER = test.DearDiaryTests;
				PRODUCT_NAME = "$(TARGET_NAME)";
				SWIFT_EMIT_LOC_STRINGS = NO;
				SWIFT_VERSION = 5.0;
				TARGETED_DEVICE_FAMILY = "1,2";
				TEST_HOST = "$(BUILT_PRODUCTS_DIR)/DearDiary2.app/$(BUNDLE_EXECUTABLE_FOLDER_PATH)/DearDiary2";
			};
			name = Debug;
		};
		B60FEA56296B472800944BC2 /* Release */ = {
			isa = XCBuildConfiguration;
			buildSettings = {
				ALWAYS_EMBED_SWIFT_STANDARD_LIBRARIES = YES;
				BUNDLE_LOADER = "$(TEST_HOST)";
				CODE_SIGN_STYLE = Automatic;
				CURRENT_PROJECT_VERSION = 1;
				GENERATE_INFOPLIST_FILE = YES;
				IPHONEOS_DEPLOYMENT_TARGET = 16.0;
				MARKETING_VERSION = 1.0;
				PRODUCT_BUNDLE_IDENTIFIER = test.DearDiaryTests;
				PRODUCT_NAME = "$(TARGET_NAME)";
				SWIFT_EMIT_LOC_STRINGS = NO;
				SWIFT_VERSION = 5.0;
				TARGETED_DEVICE_FAMILY = "1,2";
				TEST_HOST = "$(BUILT_PRODUCTS_DIR)/DearDiary2.app/$(BUNDLE_EXECUTABLE_FOLDER_PATH)/DearDiary2";
			};
			name = Release;
		};
		B60FEA58296B472800944BC2 /* Debug */ = {
			isa = XCBuildConfiguration;
			buildSettings = {
				ALWAYS_EMBED_SWIFT_STANDARD_LIBRARIES = YES;
				CODE_SIGN_STYLE = Automatic;
				CURRENT_PROJECT_VERSION = 1;
				GENERATE_INFOPLIST_FILE = YES;
				MARKETING_VERSION = 1.0;
				PRODUCT_BUNDLE_IDENTIFIER = test.DearDiaryUITests;
				PRODUCT_NAME = "$(TARGET_NAME)";
				SWIFT_EMIT_LOC_STRINGS = NO;
				SWIFT_VERSION = 5.0;
				TARGETED_DEVICE_FAMILY = "1,2";
				TEST_TARGET_NAME = DearDiary;
			};
			name = Debug;
		};
		B60FEA59296B472800944BC2 /* Release */ = {
			isa = XCBuildConfiguration;
			buildSettings = {
				ALWAYS_EMBED_SWIFT_STANDARD_LIBRARIES = YES;
				CODE_SIGN_STYLE = Automatic;
				CURRENT_PROJECT_VERSION = 1;
				GENERATE_INFOPLIST_FILE = YES;
				MARKETING_VERSION = 1.0;
				PRODUCT_BUNDLE_IDENTIFIER = test.DearDiaryUITests;
				PRODUCT_NAME = "$(TARGET_NAME)";
				SWIFT_EMIT_LOC_STRINGS = NO;
				SWIFT_VERSION = 5.0;
				TARGETED_DEVICE_FAMILY = "1,2";
				TEST_TARGET_NAME = DearDiary;
			};
			name = Release;
		};
/* End XCBuildConfiguration section */

/* Begin XCConfigurationList section */
		B60FEA23296B472700944BC2 /* Build configuration list for PBXProject "DearDiary2" */ = {
			isa = XCConfigurationList;
			buildConfigurations = (
				B60FEA4F296B472800944BC2 /* Debug */,
				B60FEA50296B472800944BC2 /* Release */,
			);
			defaultConfigurationIsVisible = 0;
			defaultConfigurationName = Release;
		};
		B60FEA51296B472800944BC2 /* Build configuration list for PBXNativeTarget "DearDiary2" */ = {
			isa = XCConfigurationList;
			buildConfigurations = (
				B60FEA52296B472800944BC2 /* Debug */,
				B60FEA53296B472800944BC2 /* Release */,
			);
			defaultConfigurationIsVisible = 0;
			defaultConfigurationName = Release;
		};
		B60FEA54296B472800944BC2 /* Build configuration list for PBXNativeTarget "DearDiary2Tests" */ = {
			isa = XCConfigurationList;
			buildConfigurations = (
				B60FEA55296B472800944BC2 /* Debug */,
				B60FEA56296B472800944BC2 /* Release */,
			);
			defaultConfigurationIsVisible = 0;
			defaultConfigurationName = Release;
		};
		B60FEA57296B472800944BC2 /* Build configuration list for PBXNativeTarget "DearDiary2UITests" */ = {
			isa = XCConfigurationList;
			buildConfigurations = (
				B60FEA58296B472800944BC2 /* Debug */,
				B60FEA59296B472800944BC2 /* Release */,
			);
			defaultConfigurationIsVisible = 0;
			defaultConfigurationName = Release;
		};
/* End XCConfigurationList section */

/* Begin XCVersionGroup section */
		B60FEA36296B472800944BC2 /* DearDiary.xcdatamodeld */ = {
			isa = XCVersionGroup;
			children = (
				B60FEA37296B472800944BC2 /* DearDiary.xcdatamodel */,
			);
			currentVersion = B60FEA37296B472800944BC2 /* DearDiary.xcdatamodel */;
			path = DearDiary.xcdatamodeld;
			sourceTree = "<group>";
			versionGroupType = wrapper.xcdatamodel;
		};
/* End XCVersionGroup section */
	};
	rootObject = B60FEA20296B472700944BC2 /* Project object */;
}
